
Microsoft Visual Studio Solution File, Format Version 12.00
# Visual Studio 15
VisualStudioVersion = 15.0.28307.645
MinimumVisualStudioVersion = 10.0.40219.1
Project("{FAE04EC0-301F-11D3-BF4B-00C04F79EFBC}") = "CarlosBelardo__CodeFiles", "CarlosBelardo__CodeFiles\CarlosBelardo__CodeFiles.csproj", "{DB53B37F-E36E-444B-93CD-27F84EF63594}"
EndProject
Global
	GlobalSection(SolutionConfigurationPlatforms) = preSolution
		Debug|Any CPU = Debug|Any CPU
		Release|Any CPU = Release|Any CPU
	EndGlobalSection
	GlobalSection(ProjectConfigurationPlatforms) = postSolution
		{DB53B37F-E36E-444B-93CD-27F84EF63594}.Debug|Any CPU.ActiveCfg = Debug|Any CPU
		{DB53B37F-E36E-444B-93CD-27F84EF63594}.Debug|Any CPU.Build.0 = Debug|Any CPU
		{DB53B37F-E36E-444B-93CD-27F84EF63594}.Release|Any CPU.ActiveCfg = Release|Any CPU
		{DB53B37F-E36E-444B-93CD-27F84EF63594}.Release|Any CPU.Build.0 = Release|Any CPU
	EndGlobalSection
	GlobalSection(SolutionProperties) = preSolution
		HideSolutionNode = FALSE
	EndGlobalSection
	GlobalSection(ExtensibilityGlobals) = postSolution
		SolutionGuid = {4FFB2FD7-1A2B-4700-9718-364F826EEE77}
	EndGlobalSection
EndGlobal
